
Microsoft Visual Studio Solution File, Format Version 12.00
# Visual Studio Version 17
VisualStudioVersion = 17.8.34511.84
MinimumVisualStudioVersion = 10.0.40219.1
Project("{FAE04EC0-301F-11D3-BF4B-00C04F79EFBC}") = "BikeRental", "BikeRental\BikeRental.csproj", "{AED7C647-5BFE-469C-AA78-F6E10D62CD58}"
EndProject
Global
	GlobalSection(SolutionConfigurationPlatforms) = preSolution
		Debug|Any CPU = Debug|Any CPU
		Release|Any CPU = Release|Any CPU
	EndGlobalSection
	GlobalSection(ProjectConfigurationPlatforms) = postSolution
		{AED7C647-5BFE-469C-AA78-F6E10D62CD58}.Debug|Any CPU.ActiveCfg = Debug|Any CPU
		{AED7C647-5BFE-469C-AA78-F6E10D62CD58}.Debug|Any CPU.Build.0 = Debug|Any CPU
		{AED7C647-5BFE-469C-AA78-F6E10D62CD58}.Release|Any CPU.ActiveCfg = Release|Any CPU
		{AED7C647-5BFE-469C-AA78-F6E10D62CD58}.Release|Any CPU.Build.0 = Release|Any CPU
	EndGlobalSection
	GlobalSection(SolutionProperties) = preSolution
		HideSolutionNode = FALSE
	EndGlobalSection
	GlobalSection(ExtensibilityGlobals) = postSolution
		SolutionGuid = {326D9002-556C-4A30-86A0-5872CAFF09BD}
	EndGlobalSection
EndGlobal
